
Microsoft Visual Studio Solution File, Format Version 12.00
# Visual Studio 2013
VisualStudioVersion = 12.0.30501.0
MinimumVisualStudioVersion = 10.0.40219.1
Project("{FAE04EC0-301F-11D3-BF4B-00C04F79EFBC}") = "InterviewService", "InterviewService.csproj", "{8EFA603F-5F68-4239-815B-C9D0FDF58452}"
EndProject
Project("{FAE04EC0-301F-11D3-BF4B-00C04F79EFBC}") = "InterviewAPI", "..\..\Users\Alejandro\Documents\Visual Studio 2013\Projects\InterviewAPI\InterviewAPI\InterviewAPI.csproj", "{EA601437-0A4C-4EF9-8B29-ECF0A3FAC328}"
EndProject
Global
	GlobalSection(SolutionConfigurationPlatforms) = preSolution
		Debug|Any CPU = Debug|Any CPU
		Release|Any CPU = Release|Any CPU
	EndGlobalSection
	GlobalSection(ProjectConfigurationPlatforms) = postSolution
		{8EFA603F-5F68-4239-815B-C9D0FDF58452}.Debug|Any CPU.ActiveCfg = Debug|Any CPU
		{8EFA603F-5F68-4239-815B-C9D0FDF58452}.Debug|Any CPU.Build.0 = Debug|Any CPU
		{8EFA603F-5F68-4239-815B-C9D0FDF58452}.Release|Any CPU.ActiveCfg = Release|Any CPU
		{8EFA603F-5F68-4239-815B-C9D0FDF58452}.Release|Any CPU.Build.0 = Release|Any CPU
		{EA601437-0A4C-4EF9-8B29-ECF0A3FAC328}.Debug|Any CPU.ActiveCfg = Debug|Any CPU
		{EA601437-0A4C-4EF9-8B29-ECF0A3FAC328}.Debug|Any CPU.Build.0 = Debug|Any CPU
		{EA601437-0A4C-4EF9-8B29-ECF0A3FAC328}.Release|Any CPU.ActiveCfg = Release|Any CPU
		{EA601437-0A4C-4EF9-8B29-ECF0A3FAC328}.Release|Any CPU.Build.0 = Release|Any CPU
	EndGlobalSection
	GlobalSection(SolutionProperties) = preSolution
		HideSolutionNode = FALSE
	EndGlobalSection
EndGlobal
